
Microsoft Visual Studio Solution File, Format Version 12.00
# Visual Studio Version 16
VisualStudioVersion = 16.0.31005.135
MinimumVisualStudioVersion = 10.0.40219.1
Project("{FAE04EC0-301F-11D3-BF4B-00C04F79EFBC}") = "TasksManager", "TasksManager\TasksManager.csproj", "{1D135ECD-ED53-4112-9CFE-52D0B3C44C11}"
EndProject
Global
	GlobalSection(SolutionConfigurationPlatforms) = preSolution
		Debug|Any CPU = Debug|Any CPU
		Release|Any CPU = Release|Any CPU
	EndGlobalSection
	GlobalSection(ProjectConfigurationPlatforms) = postSolution
		{1D135ECD-ED53-4112-9CFE-52D0B3C44C11}.Debug|Any CPU.ActiveCfg = Debug|Any CPU
		{1D135ECD-ED53-4112-9CFE-52D0B3C44C11}.Debug|Any CPU.Build.0 = Debug|Any CPU
		{1D135ECD-ED53-4112-9CFE-52D0B3C44C11}.Release|Any CPU.ActiveCfg = Release|Any CPU
		{1D135ECD-ED53-4112-9CFE-52D0B3C44C11}.Release|Any CPU.Build.0 = Release|Any CPU
	EndGlobalSection
	GlobalSection(SolutionProperties) = preSolution
		HideSolutionNode = FALSE
	EndGlobalSection
	GlobalSection(ExtensibilityGlobals) = postSolution
		SolutionGuid = {BD71A138-6B98-4420-9BBA-6AF084138ED3}
	EndGlobalSection
EndGlobal
