
Microsoft Visual Studio Solution File, Format Version 12.00
# Visual Studio Version 16
VisualStudioVersion = 16.0.31005.135
MinimumVisualStudioVersion = 10.0.40219.1
Project("{9A19103F-16F7-4668-BE54-9A1E7A4F7556}") = "VerumPostManager", "VerumPostManager\VerumPostManager.csproj", "{793778D1-6B53-4702-AACD-2AB82982800F}"
EndProject
Project("{FAE04EC0-301F-11D3-BF4B-00C04F79EFBC}") = "VerumPostManager.DataAccess", "VerumPostManager.DataAccess\VerumPostManager.DataAccess.csproj", "{64BBAE24-570F-43B3-B036-679BDEAB85F0}"
EndProject
Project("{FAE04EC0-301F-11D3-BF4B-00C04F79EFBC}") = "VerumPostManager.Domain", "VerumPostManager.Domain\VerumPostManager.Domain.csproj", "{01CD40A0-2773-4C32-9FB9-26D44731B2D3}"
EndProject
Global
	GlobalSection(SolutionConfigurationPlatforms) = preSolution
		Debug|Any CPU = Debug|Any CPU
		Release|Any CPU = Release|Any CPU
	EndGlobalSection
	GlobalSection(ProjectConfigurationPlatforms) = postSolution
		{793778D1-6B53-4702-AACD-2AB82982800F}.Debug|Any CPU.ActiveCfg = Debug|Any CPU
		{793778D1-6B53-4702-AACD-2AB82982800F}.Debug|Any CPU.Build.0 = Debug|Any CPU
		{793778D1-6B53-4702-AACD-2AB82982800F}.Release|Any CPU.ActiveCfg = Release|Any CPU
		{793778D1-6B53-4702-AACD-2AB82982800F}.Release|Any CPU.Build.0 = Release|Any CPU
		{64BBAE24-570F-43B3-B036-679BDEAB85F0}.Debug|Any CPU.ActiveCfg = Debug|Any CPU
		{64BBAE24-570F-43B3-B036-679BDEAB85F0}.Debug|Any CPU.Build.0 = Debug|Any CPU
		{64BBAE24-570F-43B3-B036-679BDEAB85F0}.Release|Any CPU.ActiveCfg = Release|Any CPU
		{64BBAE24-570F-43B3-B036-679BDEAB85F0}.Release|Any CPU.Build.0 = Release|Any CPU
		{01CD40A0-2773-4C32-9FB9-26D44731B2D3}.Debug|Any CPU.ActiveCfg = Debug|Any CPU
		{01CD40A0-2773-4C32-9FB9-26D44731B2D3}.Debug|Any CPU.Build.0 = Debug|Any CPU
		{01CD40A0-2773-4C32-9FB9-26D44731B2D3}.Release|Any CPU.ActiveCfg = Release|Any CPU
		{01CD40A0-2773-4C32-9FB9-26D44731B2D3}.Release|Any CPU.Build.0 = Release|Any CPU
	EndGlobalSection
	GlobalSection(SolutionProperties) = preSolution
		HideSolutionNode = FALSE
	EndGlobalSection
	GlobalSection(ExtensibilityGlobals) = postSolution
		SolutionGuid = {834DCB7F-54A4-4B1A-8108-3711E8B156DE}
	EndGlobalSection
EndGlobal
